
<<<<<<< Updated upstream
Microsoft Visual Studio Solution File, Format Version 11.00
# Visual Studio 2010
Project("{FAE04EC0-301F-11D3-BF4B-00C04F79EFBC}") = "Assembly-CSharp", "Assembly-CSharp.csproj", "{71629eb0-5957-0dd8-1a0a-2ca39a9ca732}"
EndProject
Project("{FAE04EC0-301F-11D3-BF4B-00C04F79EFBC}") = "Assembly-CSharp-firstpass", "Assembly-CSharp-firstpass.csproj", "{445161b3-832f-a3fa-9603-61164602613f}"
EndProject
Project("{FAE04EC0-301F-11D3-BF4B-00C04F79EFBC}") = "Assembly-CSharp-Editor-firstpass", "Assembly-CSharp-Editor-firstpass.csproj", "{cae4e54a-ccf4-0719-4193-3932bddcb445}"
=======
Microsoft Visual Studio Solution File, Format Version 12.00
# Visual Studio 15
Project("{FAE04EC0-301F-11D3-BF4B-00C04F79EFBC}") = "Assembly-CSharp", "Assembly-CSharp.csproj", "{B09E6271-5759-D80D-1A0A-2CA39A9CA732}"
EndProject
Project("{FAE04EC0-301F-11D3-BF4B-00C04F79EFBC}") = "Assembly-CSharp-firstpass", "Assembly-CSharp-firstpass.csproj", "{B3615144-2F83-FAA3-9603-61164602613F}"
EndProject
Project("{FAE04EC0-301F-11D3-BF4B-00C04F79EFBC}") = "Assembly-CSharp-Editor-firstpass", "Assembly-CSharp-Editor-firstpass.csproj", "{4AE5E4CA-F4CC-1907-4193-3932BDDCB445}"
>>>>>>> Stashed changes
EndProject
Global
	GlobalSection(SolutionConfigurationPlatforms) = preSolution
		Debug|Any CPU = Debug|Any CPU
<<<<<<< Updated upstream
	EndGlobalSection
	GlobalSection(ProjectConfigurationPlatforms) = postSolution
		{71629eb0-5957-0dd8-1a0a-2ca39a9ca732}.Debug|Any CPU.ActiveCfg = Debug|Any CPU
		{71629eb0-5957-0dd8-1a0a-2ca39a9ca732}.Debug|Any CPU.Build.0 = Debug|Any CPU
		{445161b3-832f-a3fa-9603-61164602613f}.Debug|Any CPU.ActiveCfg = Debug|Any CPU
		{445161b3-832f-a3fa-9603-61164602613f}.Debug|Any CPU.Build.0 = Debug|Any CPU
		{cae4e54a-ccf4-0719-4193-3932bddcb445}.Debug|Any CPU.ActiveCfg = Debug|Any CPU
		{cae4e54a-ccf4-0719-4193-3932bddcb445}.Debug|Any CPU.Build.0 = Debug|Any CPU
=======
		Release|Any CPU = Release|Any CPU
	EndGlobalSection
	GlobalSection(ProjectConfigurationPlatforms) = postSolution
		{B09E6271-5759-D80D-1A0A-2CA39A9CA732}.Debug|Any CPU.ActiveCfg = Debug|Any CPU
		{B09E6271-5759-D80D-1A0A-2CA39A9CA732}.Debug|Any CPU.Build.0 = Debug|Any CPU
		{B09E6271-5759-D80D-1A0A-2CA39A9CA732}.Release|Any CPU.ActiveCfg = Release|Any CPU
		{B09E6271-5759-D80D-1A0A-2CA39A9CA732}.Release|Any CPU.Build.0 = Release|Any CPU
		{B3615144-2F83-FAA3-9603-61164602613F}.Debug|Any CPU.ActiveCfg = Debug|Any CPU
		{B3615144-2F83-FAA3-9603-61164602613F}.Debug|Any CPU.Build.0 = Debug|Any CPU
		{B3615144-2F83-FAA3-9603-61164602613F}.Release|Any CPU.ActiveCfg = Release|Any CPU
		{B3615144-2F83-FAA3-9603-61164602613F}.Release|Any CPU.Build.0 = Release|Any CPU
		{4AE5E4CA-F4CC-1907-4193-3932BDDCB445}.Debug|Any CPU.ActiveCfg = Debug|Any CPU
		{4AE5E4CA-F4CC-1907-4193-3932BDDCB445}.Debug|Any CPU.Build.0 = Debug|Any CPU
		{4AE5E4CA-F4CC-1907-4193-3932BDDCB445}.Release|Any CPU.ActiveCfg = Release|Any CPU
		{4AE5E4CA-F4CC-1907-4193-3932BDDCB445}.Release|Any CPU.Build.0 = Release|Any CPU
>>>>>>> Stashed changes
	EndGlobalSection
	GlobalSection(SolutionProperties) = preSolution
		HideSolutionNode = FALSE
	EndGlobalSection
EndGlobal
